
Microsoft Visual Studio Solution File, Format Version 12.00
# Visual Studio Version 17
Project("{8BC9CEB8-8B4A-11D0-8D11-00A0C91BC942}") = "ALL_BUILD", "ALL_BUILD.vcxproj", "{66B08A5E-237B-39A5-9D92-4F6C296D320A}"
	ProjectSection(ProjectDependencies) = postProject
		{846C36DA-AF17-36C0-BD43-A9E6623DBB13} = {846C36DA-AF17-36C0-BD43-A9E6623DBB13}
		{AEE1942B-8EA3-3C4A-8D9A-3A6DB4A942BC} = {AEE1942B-8EA3-3C4A-8D9A-3A6DB4A942BC}
		{185791CE-301E-3DD6-BF28-6CE2C78DA973} = {185791CE-301E-3DD6-BF28-6CE2C78DA973}
		{DD556133-CD58-3890-BF5B-FC5A99ECA57F} = {DD556133-CD58-3890-BF5B-FC5A99ECA57F}
		{86902617-AA34-3612-BA45-D01028F337CA} = {86902617-AA34-3612-BA45-D01028F337CA}
		{41088FA7-97FE-3A9D-BE65-6B08A67C514A} = {41088FA7-97FE-3A9D-BE65-6B08A67C514A}
		{88442A46-4F95-3F61-92BC-38F8D7A33156} = {88442A46-4F95-3F61-92BC-38F8D7A33156}
	EndProjectSection
EndProject
Project("{8BC9CEB8-8B4A-11D0-8D11-00A0C91BC942}") = "INSTALL", "INSTALL.vcxproj", "{2FAE70AB-B675-3AB7-8A94-CA4BBB9C4E74}"
	ProjectSection(ProjectDependencies) = postProject
		{66B08A5E-237B-39A5-9D92-4F6C296D320A} = {66B08A5E-237B-39A5-9D92-4F6C296D320A}
		{846C36DA-AF17-36C0-BD43-A9E6623DBB13} = {846C36DA-AF17-36C0-BD43-A9E6623DBB13}
	EndProjectSection
EndProject
Project("{8BC9CEB8-8B4A-11D0-8D11-00A0C91BC942}") = "PACKAGE", "PACKAGE.vcxproj", "{A65883D4-9561-352D-8DEC-45954156F950}"
	ProjectSection(ProjectDependencies) = postProject
		{66B08A5E-237B-39A5-9D92-4F6C296D320A} = {66B08A5E-237B-39A5-9D92-4F6C296D320A}
		{846C36DA-AF17-36C0-BD43-A9E6623DBB13} = {846C36DA-AF17-36C0-BD43-A9E6623DBB13}
	EndProjectSection
EndProject
Project("{8BC9CEB8-8B4A-11D0-8D11-00A0C91BC942}") = "ZERO_CHECK", "ZERO_CHECK.vcxproj", "{846C36DA-AF17-36C0-BD43-A9E6623DBB13}"
	ProjectSection(ProjectDependencies) = postProject
	EndProjectSection
EndProject
Project("{8BC9CEB8-8B4A-11D0-8D11-00A0C91BC942}") = "imgui", "imgui.vcxproj", "{AEE1942B-8EA3-3C4A-8D9A-3A6DB4A942BC}"
	ProjectSection(ProjectDependencies) = postProject
		{846C36DA-AF17-36C0-BD43-A9E6623DBB13} = {846C36DA-AF17-36C0-BD43-A9E6623DBB13}
	EndProjectSection
EndProject
Project("{8BC9CEB8-8B4A-11D0-8D11-00A0C91BC942}") = "ninjam-clap", "ninjam-clap.vcxproj", "{185791CE-301E-3DD6-BF28-6CE2C78DA973}"
	ProjectSection(ProjectDependencies) = postProject
		{846C36DA-AF17-36C0-BD43-A9E6623DBB13} = {846C36DA-AF17-36C0-BD43-A9E6623DBB13}
		{AEE1942B-8EA3-3C4A-8D9A-3A6DB4A942BC} = {AEE1942B-8EA3-3C4A-8D9A-3A6DB4A942BC}
		{DD556133-CD58-3890-BF5B-FC5A99ECA57F} = {DD556133-CD58-3890-BF5B-FC5A99ECA57F}
		{86902617-AA34-3612-BA45-D01028F337CA} = {86902617-AA34-3612-BA45-D01028F337CA}
		{41088FA7-97FE-3A9D-BE65-6B08A67C514A} = {41088FA7-97FE-3A9D-BE65-6B08A67C514A}
		{E61CFD69-C804-3BE1-A0D0-14E3FF8217E1} = {E61CFD69-C804-3BE1-A0D0-14E3FF8217E1}
		{C5A182B1-1442-332B-9EDB-791E0EDC775C} = {C5A182B1-1442-332B-9EDB-791E0EDC775C}
		{1FF1D674-93E3-3837-A09A-50E6DBB03E54} = {1FF1D674-93E3-3837-A09A-50E6DBB03E54}
		{88442A46-4F95-3F61-92BC-38F8D7A33156} = {88442A46-4F95-3F61-92BC-38F8D7A33156}
	EndProjectSection
EndProject
Project("{8BC9CEB8-8B4A-11D0-8D11-00A0C91BC942}") = "ninjam-threading", "ninjam-threading.vcxproj", "{DD556133-CD58-3890-BF5B-FC5A99ECA57F}"
	ProjectSection(ProjectDependencies) = postProject
		{846C36DA-AF17-36C0-BD43-A9E6623DBB13} = {846C36DA-AF17-36C0-BD43-A9E6623DBB13}
	EndProjectSection
EndProject
Project("{8BC9CEB8-8B4A-11D0-8D11-00A0C91BC942}") = "ninjam-ui", "ninjam-ui.vcxproj", "{86902617-AA34-3612-BA45-D01028F337CA}"
	ProjectSection(ProjectDependencies) = postProject
		{846C36DA-AF17-36C0-BD43-A9E6623DBB13} = {846C36DA-AF17-36C0-BD43-A9E6623DBB13}
		{AEE1942B-8EA3-3C4A-8D9A-3A6DB4A942BC} = {AEE1942B-8EA3-3C4A-8D9A-3A6DB4A942BC}
	EndProjectSection
EndProject
Project("{8BC9CEB8-8B4A-11D0-8D11-00A0C91BC942}") = "njclient", "njclient.vcxproj", "{41088FA7-97FE-3A9D-BE65-6B08A67C514A}"
	ProjectSection(ProjectDependencies) = postProject
		{846C36DA-AF17-36C0-BD43-A9E6623DBB13} = {846C36DA-AF17-36C0-BD43-A9E6623DBB13}
		{E61CFD69-C804-3BE1-A0D0-14E3FF8217E1} = {E61CFD69-C804-3BE1-A0D0-14E3FF8217E1}
		{C5A182B1-1442-332B-9EDB-791E0EDC775C} = {C5A182B1-1442-332B-9EDB-791E0EDC775C}
		{1FF1D674-93E3-3837-A09A-50E6DBB03E54} = {1FF1D674-93E3-3837-A09A-50E6DBB03E54}
		{88442A46-4F95-3F61-92BC-38F8D7A33156} = {88442A46-4F95-3F61-92BC-38F8D7A33156}
	EndProjectSection
EndProject
Project("{8BC9CEB8-8B4A-11D0-8D11-00A0C91BC942}") = "ogg", "libs\libogg\ogg.vcxproj", "{E61CFD69-C804-3BE1-A0D0-14E3FF8217E1}"
	ProjectSection(ProjectDependencies) = postProject
		{846C36DA-AF17-36C0-BD43-A9E6623DBB13} = {846C36DA-AF17-36C0-BD43-A9E6623DBB13}
	EndProjectSection
EndProject
Project("{8BC9CEB8-8B4A-11D0-8D11-00A0C91BC942}") = "vorbis", "libs\libvorbis\lib\vorbis.vcxproj", "{C5A182B1-1442-332B-9EDB-791E0EDC775C}"
	ProjectSection(ProjectDependencies) = postProject
		{846C36DA-AF17-36C0-BD43-A9E6623DBB13} = {846C36DA-AF17-36C0-BD43-A9E6623DBB13}
		{E61CFD69-C804-3BE1-A0D0-14E3FF8217E1} = {E61CFD69-C804-3BE1-A0D0-14E3FF8217E1}
	EndProjectSection
EndProject
Project("{8BC9CEB8-8B4A-11D0-8D11-00A0C91BC942}") = "vorbisenc", "libs\libvorbis\lib\vorbisenc.vcxproj", "{1FF1D674-93E3-3837-A09A-50E6DBB03E54}"
	ProjectSection(ProjectDependencies) = postProject
		{846C36DA-AF17-36C0-BD43-A9E6623DBB13} = {846C36DA-AF17-36C0-BD43-A9E6623DBB13}
		{E61CFD69-C804-3BE1-A0D0-14E3FF8217E1} = {E61CFD69-C804-3BE1-A0D0-14E3FF8217E1}
		{C5A182B1-1442-332B-9EDB-791E0EDC775C} = {C5A182B1-1442-332B-9EDB-791E0EDC775C}
	EndProjectSection
EndProject
Project("{8BC9CEB8-8B4A-11D0-8D11-00A0C91BC942}") = "wdl", "wdl.vcxproj", "{88442A46-4F95-3F61-92BC-38F8D7A33156}"
	ProjectSection(ProjectDependencies) = postProject
		{846C36DA-AF17-36C0-BD43-A9E6623DBB13} = {846C36DA-AF17-36C0-BD43-A9E6623DBB13}
	EndProjectSection
EndProject
Global
	GlobalSection(SolutionConfigurationPlatforms) = preSolution
		Debug|x64 = Debug|x64
		Release|x64 = Release|x64
		MinSizeRel|x64 = MinSizeRel|x64
		RelWithDebInfo|x64 = RelWithDebInfo|x64
	EndGlobalSection
	GlobalSection(ProjectConfigurationPlatforms) = postSolution
		{66B08A5E-237B-39A5-9D92-4F6C296D320A}.Debug|x64.ActiveCfg = Debug|x64
		{66B08A5E-237B-39A5-9D92-4F6C296D320A}.Debug|x64.Build.0 = Debug|x64
		{66B08A5E-237B-39A5-9D92-4F6C296D320A}.Release|x64.ActiveCfg = Release|x64
		{66B08A5E-237B-39A5-9D92-4F6C296D320A}.Release|x64.Build.0 = Release|x64
		{66B08A5E-237B-39A5-9D92-4F6C296D320A}.MinSizeRel|x64.ActiveCfg = MinSizeRel|x64
		{66B08A5E-237B-39A5-9D92-4F6C296D320A}.MinSizeRel|x64.Build.0 = MinSizeRel|x64
		{66B08A5E-237B-39A5-9D92-4F6C296D320A}.RelWithDebInfo|x64.ActiveCfg = RelWithDebInfo|x64
		{66B08A5E-237B-39A5-9D92-4F6C296D320A}.RelWithDebInfo|x64.Build.0 = RelWithDebInfo|x64
		{2FAE70AB-B675-3AB7-8A94-CA4BBB9C4E74}.Debug|x64.ActiveCfg = Debug|x64
		{2FAE70AB-B675-3AB7-8A94-CA4BBB9C4E74}.Release|x64.ActiveCfg = Release|x64
		{2FAE70AB-B675-3AB7-8A94-CA4BBB9C4E74}.MinSizeRel|x64.ActiveCfg = MinSizeRel|x64
		{2FAE70AB-B675-3AB7-8A94-CA4BBB9C4E74}.RelWithDebInfo|x64.ActiveCfg = RelWithDebInfo|x64
		{A65883D4-9561-352D-8DEC-45954156F950}.Debug|x64.ActiveCfg = Debug|x64
		{A65883D4-9561-352D-8DEC-45954156F950}.Release|x64.ActiveCfg = Release|x64
		{A65883D4-9561-352D-8DEC-45954156F950}.MinSizeRel|x64.ActiveCfg = MinSizeRel|x64
		{A65883D4-9561-352D-8DEC-45954156F950}.RelWithDebInfo|x64.ActiveCfg = RelWithDebInfo|x64
		{846C36DA-AF17-36C0-BD43-A9E6623DBB13}.Debug|x64.ActiveCfg = Debug|x64
		{846C36DA-AF17-36C0-BD43-A9E6623DBB13}.Debug|x64.Build.0 = Debug|x64
		{846C36DA-AF17-36C0-BD43-A9E6623DBB13}.Release|x64.ActiveCfg = Release|x64
		{846C36DA-AF17-36C0-BD43-A9E6623DBB13}.Release|x64.Build.0 = Release|x64
		{846C36DA-AF17-36C0-BD43-A9E6623DBB13}.MinSizeRel|x64.ActiveCfg = MinSizeRel|x64
		{846C36DA-AF17-36C0-BD43-A9E6623DBB13}.MinSizeRel|x64.Build.0 = MinSizeRel|x64
		{846C36DA-AF17-36C0-BD43-A9E6623DBB13}.RelWithDebInfo|x64.ActiveCfg = RelWithDebInfo|x64
		{846C36DA-AF17-36C0-BD43-A9E6623DBB13}.RelWithDebInfo|x64.Build.0 = RelWithDebInfo|x64
		{AEE1942B-8EA3-3C4A-8D9A-3A6DB4A942BC}.Debug|x64.ActiveCfg = Debug|x64
		{AEE1942B-8EA3-3C4A-8D9A-3A6DB4A942BC}.Debug|x64.Build.0 = Debug|x64
		{AEE1942B-8EA3-3C4A-8D9A-3A6DB4A942BC}.Release|x64.ActiveCfg = Release|x64
		{AEE1942B-8EA3-3C4A-8D9A-3A6DB4A942BC}.Release|x64.Build.0 = Release|x64
		{AEE1942B-8EA3-3C4A-8D9A-3A6DB4A942BC}.MinSizeRel|x64.ActiveCfg = MinSizeRel|x64
		{AEE1942B-8EA3-3C4A-8D9A-3A6DB4A942BC}.MinSizeRel|x64.Build.0 = MinSizeRel|x64
		{AEE1942B-8EA3-3C4A-8D9A-3A6DB4A942BC}.RelWithDebInfo|x64.ActiveCfg = RelWithDebInfo|x64
		{AEE1942B-8EA3-3C4A-8D9A-3A6DB4A942BC}.RelWithDebInfo|x64.Build.0 = RelWithDebInfo|x64
		{185791CE-301E-3DD6-BF28-6CE2C78DA973}.Debug|x64.ActiveCfg = Debug|x64
		{185791CE-301E-3DD6-BF28-6CE2C78DA973}.Debug|x64.Build.0 = Debug|x64
		{185791CE-301E-3DD6-BF28-6CE2C78DA973}.Release|x64.ActiveCfg = Release|x64
		{185791CE-301E-3DD6-BF28-6CE2C78DA973}.Release|x64.Build.0 = Release|x64
		{185791CE-301E-3DD6-BF28-6CE2C78DA973}.MinSizeRel|x64.ActiveCfg = MinSizeRel|x64
		{185791CE-301E-3DD6-BF28-6CE2C78DA973}.MinSizeRel|x64.Build.0 = MinSizeRel|x64
		{185791CE-301E-3DD6-BF28-6CE2C78DA973}.RelWithDebInfo|x64.ActiveCfg = RelWithDebInfo|x64
		{185791CE-301E-3DD6-BF28-6CE2C78DA973}.RelWithDebInfo|x64.Build.0 = RelWithDebInfo|x64
		{DD556133-CD58-3890-BF5B-FC5A99ECA57F}.Debug|x64.ActiveCfg = Debug|x64
		{DD556133-CD58-3890-BF5B-FC5A99ECA57F}.Debug|x64.Build.0 = Debug|x64
		{DD556133-CD58-3890-BF5B-FC5A99ECA57F}.Release|x64.ActiveCfg = Release|x64
		{DD556133-CD58-3890-BF5B-FC5A99ECA57F}.Release|x64.Build.0 = Release|x64
		{DD556133-CD58-3890-BF5B-FC5A99ECA57F}.MinSizeRel|x64.ActiveCfg = MinSizeRel|x64
		{DD556133-CD58-3890-BF5B-FC5A99ECA57F}.MinSizeRel|x64.Build.0 = MinSizeRel|x64
		{DD556133-CD58-3890-BF5B-FC5A99ECA57F}.RelWithDebInfo|x64.ActiveCfg = RelWithDebInfo|x64
		{DD556133-CD58-3890-BF5B-FC5A99ECA57F}.RelWithDebInfo|x64.Build.0 = RelWithDebInfo|x64
		{86902617-AA34-3612-BA45-D01028F337CA}.Debug|x64.ActiveCfg = Debug|x64
		{86902617-AA34-3612-BA45-D01028F337CA}.Debug|x64.Build.0 = Debug|x64
		{86902617-AA34-3612-BA45-D01028F337CA}.Release|x64.ActiveCfg = Release|x64
		{86902617-AA34-3612-BA45-D01028F337CA}.Release|x64.Build.0 = Release|x64
		{86902617-AA34-3612-BA45-D01028F337CA}.MinSizeRel|x64.ActiveCfg = MinSizeRel|x64
		{86902617-AA34-3612-BA45-D01028F337CA}.MinSizeRel|x64.Build.0 = MinSizeRel|x64
		{86902617-AA34-3612-BA45-D01028F337CA}.RelWithDebInfo|x64.ActiveCfg = RelWithDebInfo|x64
		{86902617-AA34-3612-BA45-D01028F337CA}.RelWithDebInfo|x64.Build.0 = RelWithDebInfo|x64
		{41088FA7-97FE-3A9D-BE65-6B08A67C514A}.Debug|x64.ActiveCfg = Debug|x64
		{41088FA7-97FE-3A9D-BE65-6B08A67C514A}.Debug|x64.Build.0 = Debug|x64
		{41088FA7-97FE-3A9D-BE65-6B08A67C514A}.Release|x64.ActiveCfg = Release|x64
		{41088FA7-97FE-3A9D-BE65-6B08A67C514A}.Release|x64.Build.0 = Release|x64
		{41088FA7-97FE-3A9D-BE65-6B08A67C514A}.MinSizeRel|x64.ActiveCfg = MinSizeRel|x64
		{41088FA7-97FE-3A9D-BE65-6B08A67C514A}.MinSizeRel|x64.Build.0 = MinSizeRel|x64
		{41088FA7-97FE-3A9D-BE65-6B08A67C514A}.RelWithDebInfo|x64.ActiveCfg = RelWithDebInfo|x64
		{41088FA7-97FE-3A9D-BE65-6B08A67C514A}.RelWithDebInfo|x64.Build.0 = RelWithDebInfo|x64
		{E61CFD69-C804-3BE1-A0D0-14E3FF8217E1}.Debug|x64.ActiveCfg = Debug|x64
		{E61CFD69-C804-3BE1-A0D0-14E3FF8217E1}.Debug|x64.Build.0 = Debug|x64
		{E61CFD69-C804-3BE1-A0D0-14E3FF8217E1}.Release|x64.ActiveCfg = Release|x64
		{E61CFD69-C804-3BE1-A0D0-14E3FF8217E1}.Release|x64.Build.0 = Release|x64
		{E61CFD69-C804-3BE1-A0D0-14E3FF8217E1}.MinSizeRel|x64.ActiveCfg = MinSizeRel|x64
		{E61CFD69-C804-3BE1-A0D0-14E3FF8217E1}.MinSizeRel|x64.Build.0 = MinSizeRel|x64
		{E61CFD69-C804-3BE1-A0D0-14E3FF8217E1}.RelWithDebInfo|x64.ActiveCfg = RelWithDebInfo|x64
		{E61CFD69-C804-3BE1-A0D0-14E3FF8217E1}.RelWithDebInfo|x64.Build.0 = RelWithDebInfo|x64
		{C5A182B1-1442-332B-9EDB-791E0EDC775C}.Debug|x64.ActiveCfg = Debug|x64
		{C5A182B1-1442-332B-9EDB-791E0EDC775C}.Debug|x64.Build.0 = Debug|x64
		{C5A182B1-1442-332B-9EDB-791E0EDC775C}.Release|x64.ActiveCfg = Release|x64
		{C5A182B1-1442-332B-9EDB-791E0EDC775C}.Release|x64.Build.0 = Release|x64
		{C5A182B1-1442-332B-9EDB-791E0EDC775C}.MinSizeRel|x64.ActiveCfg = MinSizeRel|x64
		{C5A182B1-1442-332B-9EDB-791E0EDC775C}.MinSizeRel|x64.Build.0 = MinSizeRel|x64
		{C5A182B1-1442-332B-9EDB-791E0EDC775C}.RelWithDebInfo|x64.ActiveCfg = RelWithDebInfo|x64
		{C5A182B1-1442-332B-9EDB-791E0EDC775C}.RelWithDebInfo|x64.Build.0 = RelWithDebInfo|x64
		{1FF1D674-93E3-3837-A09A-50E6DBB03E54}.Debug|x64.ActiveCfg = Debug|x64
		{1FF1D674-93E3-3837-A09A-50E6DBB03E54}.Debug|x64.Build.0 = Debug|x64
		{1FF1D674-93E3-3837-A09A-50E6DBB03E54}.Release|x64.ActiveCfg = Release|x64
		{1FF1D674-93E3-3837-A09A-50E6DBB03E54}.Release|x64.Build.0 = Release|x64
		{1FF1D674-93E3-3837-A09A-50E6DBB03E54}.MinSizeRel|x64.ActiveCfg = MinSizeRel|x64
		{1FF1D674-93E3-3837-A09A-50E6DBB03E54}.MinSizeRel|x64.Build.0 = MinSizeRel|x64
		{1FF1D674-93E3-3837-A09A-50E6DBB03E54}.RelWithDebInfo|x64.ActiveCfg = RelWithDebInfo|x64
		{1FF1D674-93E3-3837-A09A-50E6DBB03E54}.RelWithDebInfo|x64.Build.0 = RelWithDebInfo|x64
		{88442A46-4F95-3F61-92BC-38F8D7A33156}.Debug|x64.ActiveCfg = Debug|x64
		{88442A46-4F95-3F61-92BC-38F8D7A33156}.Debug|x64.Build.0 = Debug|x64
		{88442A46-4F95-3F61-92BC-38F8D7A33156}.Release|x64.ActiveCfg = Release|x64
		{88442A46-4F95-3F61-92BC-38F8D7A33156}.Release|x64.Build.0 = Release|x64
		{88442A46-4F95-3F61-92BC-38F8D7A33156}.MinSizeRel|x64.ActiveCfg = MinSizeRel|x64
		{88442A46-4F95-3F61-92BC-38F8D7A33156}.MinSizeRel|x64.Build.0 = MinSizeRel|x64
		{88442A46-4F95-3F61-92BC-38F8D7A33156}.RelWithDebInfo|x64.ActiveCfg = RelWithDebInfo|x64
		{88442A46-4F95-3F61-92BC-38F8D7A33156}.RelWithDebInfo|x64.Build.0 = RelWithDebInfo|x64
	EndGlobalSection
	GlobalSection(ExtensibilityGlobals) = postSolution
		SolutionGuid = {5FA50FC7-2EE1-30F1-9AC5-C8C2E1CC90A1}
	EndGlobalSection
	GlobalSection(ExtensibilityAddIns) = postSolution
	EndGlobalSection
EndGlobal
