
Microsoft Visual Studio Solution File, Format Version 12.00
# Visual Studio Version 17
Project("{8BC9CEB8-8B4A-11D0-8D11-00A0C91BC942}") = "ALL_BUILD", "ALL_BUILD.vcxproj", "{66B08A5E-237B-39A5-9D92-4F6C296D320A}"
	ProjectSection(ProjectDependencies) = postProject
		{846C36DA-AF17-36C0-BD43-A9E6623DBB13} = {846C36DA-AF17-36C0-BD43-A9E6623DBB13}
	EndProjectSection
EndProject
Project("{8BC9CEB8-8B4A-11D0-8D11-00A0C91BC942}") = "INSTALL", "INSTALL.vcxproj", "{2FAE70AB-B675-3AB7-8A94-CA4BBB9C4E74}"
	ProjectSection(ProjectDependencies) = postProject
		{66B08A5E-237B-39A5-9D92-4F6C296D320A} = {66B08A5E-237B-39A5-9D92-4F6C296D320A}
		{846C36DA-AF17-36C0-BD43-A9E6623DBB13} = {846C36DA-AF17-36C0-BD43-A9E6623DBB13}
	EndProjectSection
EndProject
Project("{8BC9CEB8-8B4A-11D0-8D11-00A0C91BC942}") = "PACKAGE", "PACKAGE.vcxproj", "{A65883D4-9561-352D-8DEC-45954156F950}"
	ProjectSection(ProjectDependencies) = postProject
		{66B08A5E-237B-39A5-9D92-4F6C296D320A} = {66B08A5E-237B-39A5-9D92-4F6C296D320A}
		{846C36DA-AF17-36C0-BD43-A9E6623DBB13} = {846C36DA-AF17-36C0-BD43-A9E6623DBB13}
	EndProjectSection
EndProject
Project("{8BC9CEB8-8B4A-11D0-8D11-00A0C91BC942}") = "ZERO_CHECK", "..\..\\ZERO_CHECK.vcxproj", "{846C36DA-AF17-36C0-BD43-A9E6623DBB13}"
	ProjectSection(ProjectDependencies) = postProject
	EndProjectSection
EndProject
Project("{8BC9CEB8-8B4A-11D0-8D11-00A0C91BC942}") = "clap-tests", "clap-tests.vcxproj", "{02448736-E39B-3301-AC04-905B07DA4D20}"
	ProjectSection(ProjectDependencies) = postProject
		{846C36DA-AF17-36C0-BD43-A9E6623DBB13} = {846C36DA-AF17-36C0-BD43-A9E6623DBB13}
	EndProjectSection
EndProject
Global
	GlobalSection(SolutionConfigurationPlatforms) = preSolution
		Debug|x64 = Debug|x64
		Release|x64 = Release|x64
		MinSizeRel|x64 = MinSizeRel|x64
		RelWithDebInfo|x64 = RelWithDebInfo|x64
	EndGlobalSection
	GlobalSection(ProjectConfigurationPlatforms) = postSolution
		{66B08A5E-237B-39A5-9D92-4F6C296D320A}.Debug|x64.ActiveCfg = Debug|x64
		{66B08A5E-237B-39A5-9D92-4F6C296D320A}.Debug|x64.Build.0 = Debug|x64
		{66B08A5E-237B-39A5-9D92-4F6C296D320A}.Release|x64.ActiveCfg = Release|x64
		{66B08A5E-237B-39A5-9D92-4F6C296D320A}.Release|x64.Build.0 = Release|x64
		{66B08A5E-237B-39A5-9D92-4F6C296D320A}.MinSizeRel|x64.ActiveCfg = MinSizeRel|x64
		{66B08A5E-237B-39A5-9D92-4F6C296D320A}.MinSizeRel|x64.Build.0 = MinSizeRel|x64
		{66B08A5E-237B-39A5-9D92-4F6C296D320A}.RelWithDebInfo|x64.ActiveCfg = RelWithDebInfo|x64
		{66B08A5E-237B-39A5-9D92-4F6C296D320A}.RelWithDebInfo|x64.Build.0 = RelWithDebInfo|x64
		{2FAE70AB-B675-3AB7-8A94-CA4BBB9C4E74}.Debug|x64.ActiveCfg = Debug|x64
		{2FAE70AB-B675-3AB7-8A94-CA4BBB9C4E74}.Release|x64.ActiveCfg = Release|x64
		{2FAE70AB-B675-3AB7-8A94-CA4BBB9C4E74}.MinSizeRel|x64.ActiveCfg = MinSizeRel|x64
		{2FAE70AB-B675-3AB7-8A94-CA4BBB9C4E74}.RelWithDebInfo|x64.ActiveCfg = RelWithDebInfo|x64
		{A65883D4-9561-352D-8DEC-45954156F950}.Debug|x64.ActiveCfg = Debug|x64
		{A65883D4-9561-352D-8DEC-45954156F950}.Release|x64.ActiveCfg = Release|x64
		{A65883D4-9561-352D-8DEC-45954156F950}.MinSizeRel|x64.ActiveCfg = MinSizeRel|x64
		{A65883D4-9561-352D-8DEC-45954156F950}.RelWithDebInfo|x64.ActiveCfg = RelWithDebInfo|x64
		{846C36DA-AF17-36C0-BD43-A9E6623DBB13}.Debug|x64.ActiveCfg = Debug|x64
		{846C36DA-AF17-36C0-BD43-A9E6623DBB13}.Debug|x64.Build.0 = Debug|x64
		{846C36DA-AF17-36C0-BD43-A9E6623DBB13}.Release|x64.ActiveCfg = Release|x64
		{846C36DA-AF17-36C0-BD43-A9E6623DBB13}.Release|x64.Build.0 = Release|x64
		{846C36DA-AF17-36C0-BD43-A9E6623DBB13}.MinSizeRel|x64.ActiveCfg = MinSizeRel|x64
		{846C36DA-AF17-36C0-BD43-A9E6623DBB13}.MinSizeRel|x64.Build.0 = MinSizeRel|x64
		{846C36DA-AF17-36C0-BD43-A9E6623DBB13}.RelWithDebInfo|x64.ActiveCfg = RelWithDebInfo|x64
		{846C36DA-AF17-36C0-BD43-A9E6623DBB13}.RelWithDebInfo|x64.Build.0 = RelWithDebInfo|x64
		{02448736-E39B-3301-AC04-905B07DA4D20}.Debug|x64.ActiveCfg = Debug|x64
		{02448736-E39B-3301-AC04-905B07DA4D20}.Release|x64.ActiveCfg = Release|x64
		{02448736-E39B-3301-AC04-905B07DA4D20}.MinSizeRel|x64.ActiveCfg = MinSizeRel|x64
		{02448736-E39B-3301-AC04-905B07DA4D20}.RelWithDebInfo|x64.ActiveCfg = RelWithDebInfo|x64
	EndGlobalSection
	GlobalSection(ExtensibilityGlobals) = postSolution
		SolutionGuid = {49ABB4A3-63A0-38C8-B995-79978629C1D3}
	EndGlobalSection
	GlobalSection(ExtensibilityAddIns) = postSolution
	EndGlobalSection
EndGlobal
